
Microsoft Visual Studio Solution File, Format Version 12.00
# Visual Studio Version 17
VisualStudioVersion = 17.6.33723.286
MinimumVisualStudioVersion = 10.0.40219.1
Project("{FAE04EC0-301F-11D3-BF4B-00C04F79EFBC}") = "Calculator", "Calculator\Calculator.csproj", "{A694D0AD-9ACA-447F-927E-75A90D0323CB}"
EndProject
Global
	GlobalSection(SolutionConfigurationPlatforms) = preSolution
		Debug|Any CPU = Debug|Any CPU
		Release|Any CPU = Release|Any CPU
	EndGlobalSection
	GlobalSection(ProjectConfigurationPlatforms) = postSolution
		{A694D0AD-9ACA-447F-927E-75A90D0323CB}.Debug|Any CPU.ActiveCfg = Debug|Any CPU
		{A694D0AD-9ACA-447F-927E-75A90D0323CB}.Debug|Any CPU.Build.0 = Debug|Any CPU
		{A694D0AD-9ACA-447F-927E-75A90D0323CB}.Release|Any CPU.ActiveCfg = Release|Any CPU
		{A694D0AD-9ACA-447F-927E-75A90D0323CB}.Release|Any CPU.Build.0 = Release|Any CPU
	EndGlobalSection
	GlobalSection(SolutionProperties) = preSolution
		HideSolutionNode = FALSE
	EndGlobalSection
	GlobalSection(ExtensibilityGlobals) = postSolution
		SolutionGuid = {7FA67C62-C93B-4C9E-8D69-8CF61B64897D}
	EndGlobalSection
EndGlobal
